
Microsoft Visual Studio Solution File, Format Version 12.00
# Visual Studio Version 17
VisualStudioVersion = 17.10.34626.195
MinimumVisualStudioVersion = 10.0.40219.1
Project("{FAE04EC0-301F-11D3-BF4B-00C04F79EFBC}") = "ConsoleApp32", "ConsoleApp32\ConsoleApp32.csproj", "{B7E057AD-0262-4205-A6E3-7F474C1C812F}"
EndProject
Global
	GlobalSection(SolutionConfigurationPlatforms) = preSolution
		Debug|Any CPU = Debug|Any CPU
		Release|Any CPU = Release|Any CPU
	EndGlobalSection
	GlobalSection(ProjectConfigurationPlatforms) = postSolution
		{B7E057AD-0262-4205-A6E3-7F474C1C812F}.Debug|Any CPU.ActiveCfg = Debug|Any CPU
		{B7E057AD-0262-4205-A6E3-7F474C1C812F}.Debug|Any CPU.Build.0 = Debug|Any CPU
		{B7E057AD-0262-4205-A6E3-7F474C1C812F}.Release|Any CPU.ActiveCfg = Release|Any CPU
		{B7E057AD-0262-4205-A6E3-7F474C1C812F}.Release|Any CPU.Build.0 = Release|Any CPU
	EndGlobalSection
	GlobalSection(SolutionProperties) = preSolution
		HideSolutionNode = FALSE
	EndGlobalSection
	GlobalSection(ExtensibilityGlobals) = postSolution
		SolutionGuid = {4C2503BC-FE75-4A02-B3D6-67939FD6703E}
	EndGlobalSection
EndGlobal
